# @generated - this file is auto-generated by `mise lock` https://mise.jdx.dev/dev-tools/mise-lock.html

[[tools.bat]]
version = "0.26.1"
backend = "aqua:sharkdp/bat"

[tools.bat."platforms.linux-arm64"]
checksum = "sha256:6369242c584065f195fb20cb36fbd7cb63ae690605bbe89868a7596b596c2c23"
url = "https://github.com/sharkdp/bat/releases/download/v0.26.1/bat-v0.26.1-aarch64-unknown-linux-musl.tar.gz"
url_api = "https://api.github.com/repos/sharkdp/bat/releases/assets/323548153"

[tools.bat."platforms.linux-arm64-musl"]
checksum = "sha256:6369242c584065f195fb20cb36fbd7cb63ae690605bbe89868a7596b596c2c23"
url = "https://github.com/sharkdp/bat/releases/download/v0.26.1/bat-v0.26.1-aarch64-unknown-linux-musl.tar.gz"
url_api = "https://api.github.com/repos/sharkdp/bat/releases/assets/323548153"

[tools.bat."platforms.linux-x64"]
checksum = "sha256:0dcd8ac79732c0d5b136f11f4ee00e581440e16a44eab5b3105b611bbf2cf191"
url = "https://github.com/sharkdp/bat/releases/download/v0.26.1/bat-v0.26.1-x86_64-unknown-linux-musl.tar.gz"
url_api = "https://api.github.com/repos/sharkdp/bat/releases/assets/323549429"

[tools.bat."platforms.linux-x64-musl"]
checksum = "sha256:0dcd8ac79732c0d5b136f11f4ee00e581440e16a44eab5b3105b611bbf2cf191"
url = "https://github.com/sharkdp/bat/releases/download/v0.26.1/bat-v0.26.1-x86_64-unknown-linux-musl.tar.gz"
url_api = "https://api.github.com/repos/sharkdp/bat/releases/assets/323549429"

[tools.bat."platforms.macos-arm64"]
checksum = "sha256:e30beff26779c9bf60bb541e1d79046250cb74378f2757f8eb250afddb19e114"
url = "https://github.com/sharkdp/bat/releases/download/v0.26.1/bat-v0.26.1-aarch64-apple-darwin.tar.gz"
url_api = "https://api.github.com/repos/sharkdp/bat/releases/assets/323548442"

[tools.bat."platforms.macos-x64"]
checksum = "sha256:830d63b0bba1fa040542ec569e3cf77f60d3356b9de75116a344b061e0894245"
url = "https://github.com/sharkdp/bat/releases/download/v0.26.1/bat-v0.26.1-x86_64-apple-darwin.tar.gz"
url_api = "https://api.github.com/repos/sharkdp/bat/releases/assets/323549786"

[tools.bat."platforms.windows-x64"]
checksum = "sha256:0f729b4b6f5f28d395c641eacc2e9ff68d0096b85aa0eec344aa62425144b69b"
url = "https://github.com/sharkdp/bat/releases/download/v0.26.1/bat-v0.26.1-x86_64-pc-windows-msvc.zip"
url_api = "https://api.github.com/repos/sharkdp/bat/releases/assets/323549116"

[[tools.difftastic]]
version = "0.69.0"
backend = "aqua:Wilfred/difftastic"

[tools.difftastic."platforms.linux-arm64"]
checksum = "sha256:abd2f42d2afd424312b4862aa7c7bb0320447670ae22fabcc5159db03e2dccbd"
url = "https://github.com/Wilfred/difftastic/releases/download/0.69.0/difft-aarch64-unknown-linux-gnu.tar.gz"
url_api = "https://api.github.com/repos/Wilfred/difftastic/releases/assets/409362685"

[tools.difftastic."platforms.linux-x64"]
checksum = "sha256:c120a4315b33e89678d52b47ea0097cdb1fb57b4f3910b4d77cbeee5eecc8ced"
url = "https://github.com/Wilfred/difftastic/releases/download/0.69.0/difft-x86_64-unknown-linux-musl.tar.gz"
url_api = "https://api.github.com/repos/Wilfred/difftastic/releases/assets/409362908"

[tools.difftastic."platforms.linux-x64-musl"]
checksum = "sha256:c120a4315b33e89678d52b47ea0097cdb1fb57b4f3910b4d77cbeee5eecc8ced"
url = "https://github.com/Wilfred/difftastic/releases/download/0.69.0/difft-x86_64-unknown-linux-musl.tar.gz"
url_api = "https://api.github.com/repos/Wilfred/difftastic/releases/assets/409362908"

[tools.difftastic."platforms.macos-arm64"]
checksum = "sha256:c958b87885a5825a356c5899ac7ecdd752a7942084199f2be4bc0bf8c9de8e33"
url = "https://github.com/Wilfred/difftastic/releases/download/0.69.0/difft-aarch64-apple-darwin.tar.gz"
url_api = "https://api.github.com/repos/Wilfred/difftastic/releases/assets/409361790"

[tools.difftastic."platforms.macos-x64"]
checksum = "sha256:5f5487e7a6e817194a1cef297d2ffb300454371635a4cde865087dbc064730a2"
url = "https://github.com/Wilfred/difftastic/releases/download/0.69.0/difft-x86_64-apple-darwin.tar.gz"
url_api = "https://api.github.com/repos/Wilfred/difftastic/releases/assets/409362383"

[tools.difftastic."platforms.windows-x64"]
checksum = "sha256:a5adbf57eb1b923b62d1c3596c4f827df143f5b52cfba48bb9e83f41dea90c02"
url = "https://github.com/Wilfred/difftastic/releases/download/0.69.0/difft-x86_64-pc-windows-msvc.zip"
url_api = "https://api.github.com/repos/Wilfred/difftastic/releases/assets/409362991"

[[tools.doggo]]
version = "1.2.0"
backend = "aqua:mr-karan/doggo"

[tools.doggo."platforms.linux-arm64"]
checksum = "sha256:b15e3e56b1e1d2e4bb3bf81b292a49a1b55781465ab2cb858cdb7f081fd95d0f"
url = "https://github.com/mr-karan/doggo/releases/download/v1.2.0/doggo-linux-aarch64.tar.gz"
url_api = "https://api.github.com/repos/mr-karan/doggo/releases/assets/455378184"

[tools.doggo."platforms.linux-arm64-musl"]
checksum = "sha256:b15e3e56b1e1d2e4bb3bf81b292a49a1b55781465ab2cb858cdb7f081fd95d0f"
url = "https://github.com/mr-karan/doggo/releases/download/v1.2.0/doggo-linux-aarch64.tar.gz"
url_api = "https://api.github.com/repos/mr-karan/doggo/releases/assets/455378184"

[tools.doggo."platforms.linux-x64"]
checksum = "sha256:aa6760e7f163958e7626420447385ab938fdc127983edaceb121f809bd3e2bca"
url = "https://github.com/mr-karan/doggo/releases/download/v1.2.0/doggo-linux-x86_64.tar.gz"
url_api = "https://api.github.com/repos/mr-karan/doggo/releases/assets/455378176"

[tools.doggo."platforms.linux-x64-musl"]
checksum = "sha256:aa6760e7f163958e7626420447385ab938fdc127983edaceb121f809bd3e2bca"
url = "https://github.com/mr-karan/doggo/releases/download/v1.2.0/doggo-linux-x86_64.tar.gz"
url_api = "https://api.github.com/repos/mr-karan/doggo/releases/assets/455378176"

[tools.doggo."platforms.macos-arm64"]
checksum = "sha256:aa8b866d8bc96ce7a004f3d2f99c26e4bb0dd140c7bd151b2eb12a1d0b01cc06"
url = "https://github.com/mr-karan/doggo/releases/download/v1.2.0/doggo-darwin-aarch64.tar.gz"
url_api = "https://api.github.com/repos/mr-karan/doggo/releases/assets/455378202"

[tools.doggo."platforms.macos-x64"]
checksum = "sha256:2d88ad833fd7616ae5e8908cf76593fbecfb5fd4463784afe8731686bee0cefe"
url = "https://github.com/mr-karan/doggo/releases/download/v1.2.0/doggo-darwin-x86_64.tar.gz"
url_api = "https://api.github.com/repos/mr-karan/doggo/releases/assets/455378251"

[tools.doggo."platforms.windows-x64"]
checksum = "sha256:a84f677f7596c320f419cdc035adb64e89def37fb1ee6c57500a39742024e664"
url = "https://github.com/mr-karan/doggo/releases/download/v1.2.0/doggo-windows-x86_64.zip"
url_api = "https://api.github.com/repos/mr-karan/doggo/releases/assets/455378190"

[[tools.fd]]
version = "10.4.2"
backend = "aqua:sharkdp/fd"

[tools.fd."platforms.linux-arm64"]
checksum = "sha256:f32d3657473fba74e2600babc8db0b93420d51169223b7e8143b2ed55d8fd9e8"
url = "https://github.com/sharkdp/fd/releases/download/v10.4.2/fd-v10.4.2-aarch64-unknown-linux-musl.tar.gz"
url_api = "https://api.github.com/repos/sharkdp/fd/releases/assets/370662859"

[tools.fd."platforms.linux-arm64-musl"]
checksum = "sha256:f32d3657473fba74e2600babc8db0b93420d51169223b7e8143b2ed55d8fd9e8"
url = "https://github.com/sharkdp/fd/releases/download/v10.4.2/fd-v10.4.2-aarch64-unknown-linux-musl.tar.gz"
url_api = "https://api.github.com/repos/sharkdp/fd/releases/assets/370662859"

[tools.fd."platforms.linux-x64"]
checksum = "sha256:e3257d48e29a6be965187dbd24ce9af564e0fe67b3e73c9bdcd180f4ec11bdde"
url = "https://github.com/sharkdp/fd/releases/download/v10.4.2/fd-v10.4.2-x86_64-unknown-linux-musl.tar.gz"
url_api = "https://api.github.com/repos/sharkdp/fd/releases/assets/370662855"

[tools.fd."platforms.linux-x64-musl"]
checksum = "sha256:e3257d48e29a6be965187dbd24ce9af564e0fe67b3e73c9bdcd180f4ec11bdde"
url = "https://github.com/sharkdp/fd/releases/download/v10.4.2/fd-v10.4.2-x86_64-unknown-linux-musl.tar.gz"
url_api = "https://api.github.com/repos/sharkdp/fd/releases/assets/370662855"

[tools.fd."platforms.macos-arm64"]
checksum = "sha256:623dc0afc81b92e4d4606b380d7bc91916ba7b97814263e554d50923a39e480a"
url = "https://github.com/sharkdp/fd/releases/download/v10.4.2/fd-v10.4.2-aarch64-apple-darwin.tar.gz"
url_api = "https://api.github.com/repos/sharkdp/fd/releases/assets/370661116"

[tools.fd."platforms.windows-x64"]
checksum = "sha256:b2816e506390a89941c63c9187d58a3cc10e9a55f2ef0685f9ea0eccaf7c98c8"
url = "https://github.com/sharkdp/fd/releases/download/v10.4.2/fd-v10.4.2-x86_64-pc-windows-msvc.zip"
url_api = "https://api.github.com/repos/sharkdp/fd/releases/assets/370661516"

[[tools.fzf]]
version = "0.74.0"
backend = "aqua:junegunn/fzf"

[tools.fzf."platforms.linux-arm64"]
checksum = "sha256:bd9e6165ebdb702215d42368cbb95b8dd70a4e77ee97925adac8c31660e30ef7"
url = "https://github.com/junegunn/fzf/releases/download/v0.74.0/fzf-0.74.0-linux_arm64.tar.gz"
url_api = "https://api.github.com/repos/junegunn/fzf/releases/assets/468106539"

[tools.fzf."platforms.linux-arm64-musl"]
checksum = "sha256:bd9e6165ebdb702215d42368cbb95b8dd70a4e77ee97925adac8c31660e30ef7"
url = "https://github.com/junegunn/fzf/releases/download/v0.74.0/fzf-0.74.0-linux_arm64.tar.gz"
url_api = "https://api.github.com/repos/junegunn/fzf/releases/assets/468106539"

[tools.fzf."platforms.linux-x64"]
checksum = "sha256:cf919f05b7581b4c744d764eaa704665d61dd6d3ca785f0df2351281dff60cda"
url = "https://github.com/junegunn/fzf/releases/download/v0.74.0/fzf-0.74.0-linux_amd64.tar.gz"
url_api = "https://api.github.com/repos/junegunn/fzf/releases/assets/468106615"

[tools.fzf."platforms.linux-x64-musl"]
checksum = "sha256:cf919f05b7581b4c744d764eaa704665d61dd6d3ca785f0df2351281dff60cda"
url = "https://github.com/junegunn/fzf/releases/download/v0.74.0/fzf-0.74.0-linux_amd64.tar.gz"
url_api = "https://api.github.com/repos/junegunn/fzf/releases/assets/468106615"

[tools.fzf."platforms.macos-arm64"]
checksum = "sha256:da60e8980e4239a0fc5f1fcfe873f243dfda93a6a13b696b00e1dc8584a77a87"
url = "https://github.com/junegunn/fzf/releases/download/v0.74.0/fzf-0.74.0-darwin_arm64.tar.gz"
url_api = "https://api.github.com/repos/junegunn/fzf/releases/assets/468106617"

[tools.fzf."platforms.macos-x64"]
checksum = "sha256:e2c470f058ac18615f54c0bebe0fd2956f2aa8e306a11621783a00aaa386eedd"
url = "https://github.com/junegunn/fzf/releases/download/v0.74.0/fzf-0.74.0-darwin_amd64.tar.gz"
url_api = "https://api.github.com/repos/junegunn/fzf/releases/assets/468106579"

[tools.fzf."platforms.windows-x64"]
checksum = "sha256:614efa4ea923a3d6715856b5f6fb6ce815acdb0ce549e7499202808f7a7a78e7"
url = "https://github.com/junegunn/fzf/releases/download/v0.74.0/fzf-0.74.0-windows_amd64.zip"
url_api = "https://api.github.com/repos/junegunn/fzf/releases/assets/468106560"

[[tools.github-cli]]
version = "2.96.0"
backend = "aqua:cli/cli"

[tools.github-cli."platforms.linux-arm64"]
checksum = "sha256:06f86ec7103d41993b76cd78072f43595c34aaa56506d971d9860e67140bf909"
url = "https://github.com/cli/cli/releases/download/v2.96.0/gh_2.96.0_linux_arm64.tar.gz"
url_api = "https://api.github.com/repos/cli/cli/releases/assets/464728549"
provenance = "github-attestations"

[tools.github-cli."platforms.linux-arm64-musl"]
checksum = "sha256:06f86ec7103d41993b76cd78072f43595c34aaa56506d971d9860e67140bf909"
url = "https://github.com/cli/cli/releases/download/v2.96.0/gh_2.96.0_linux_arm64.tar.gz"
url_api = "https://api.github.com/repos/cli/cli/releases/assets/464728549"
provenance = "github-attestations"

[tools.github-cli."platforms.linux-x64"]
checksum = "sha256:83d5c2ccad5498f58bf6368acb1ab32588cf43ab3a4b1c301bf36328b1c8bd60"
url = "https://github.com/cli/cli/releases/download/v2.96.0/gh_2.96.0_linux_amd64.tar.gz"
url_api = "https://api.github.com/repos/cli/cli/releases/assets/464728543"
provenance = "github-attestations"

[tools.github-cli."platforms.linux-x64-musl"]
checksum = "sha256:83d5c2ccad5498f58bf6368acb1ab32588cf43ab3a4b1c301bf36328b1c8bd60"
url = "https://github.com/cli/cli/releases/download/v2.96.0/gh_2.96.0_linux_amd64.tar.gz"
url_api = "https://api.github.com/repos/cli/cli/releases/assets/464728543"
provenance = "github-attestations"

[tools.github-cli."platforms.macos-arm64"]
checksum = "sha256:f23a0c37d963aacc3bed703ccbd59b41c5ca22101fab7f00eb2b7cad23aba463"
url = "https://github.com/cli/cli/releases/download/v2.96.0/gh_2.96.0_macOS_arm64.zip"
url_api = "https://api.github.com/repos/cli/cli/releases/assets/464728562"
provenance = "github-attestations"

[tools.github-cli."platforms.macos-x64"]
checksum = "sha256:4bd449df9ad639391bc62b8032546f0fe9edcd8526e06682a4f88abd8c5d163c"
url = "https://github.com/cli/cli/releases/download/v2.96.0/gh_2.96.0_macOS_amd64.zip"
url_api = "https://api.github.com/repos/cli/cli/releases/assets/464728560"
provenance = "github-attestations"

[tools.github-cli."platforms.windows-x64"]
checksum = "sha256:c2d6acc935cd2f00e2144d7e036d5cd82e6b6bd5594e8c75aa75ef2a4ed6aac3"
url = "https://github.com/cli/cli/releases/download/v2.96.0/gh_2.96.0_windows_amd64.zip"
url_api = "https://api.github.com/repos/cli/cli/releases/assets/464728577"
provenance = "github-attestations"

[[tools."github:neovim/neovim"]]
version = "0.12.0"
backend = "github:neovim/neovim"

[tools."github:neovim/neovim"."platforms.linux-arm64"]
checksum = "sha256:89024e7be2ef3c8f08e9c002b1eb3e3b36672ee44bd6343cf2d168d38b3736b2"
url = "https://github.com/neovim/neovim/releases/download/v0.12.0/nvim-linux-arm64.tar.gz"
url_api = "https://api.github.com/repos/neovim/neovim/releases/assets/384125164"

[tools."github:neovim/neovim"."platforms.linux-arm64-musl"]
checksum = "sha256:89024e7be2ef3c8f08e9c002b1eb3e3b36672ee44bd6343cf2d168d38b3736b2"
url = "https://github.com/neovim/neovim/releases/download/v0.12.0/nvim-linux-arm64.tar.gz"
url_api = "https://api.github.com/repos/neovim/neovim/releases/assets/384125164"

[tools."github:neovim/neovim"."platforms.linux-x64"]
checksum = "sha256:160b69125defb16e60b283b69be112fd4850d67ac8f9a752328c20ad43ec34af"
url = "https://github.com/neovim/neovim/releases/download/v0.12.0/nvim-linux-x86_64.tar.gz"
url_api = "https://api.github.com/repos/neovim/neovim/releases/assets/384125167"

[tools."github:neovim/neovim"."platforms.linux-x64-musl"]
checksum = "sha256:160b69125defb16e60b283b69be112fd4850d67ac8f9a752328c20ad43ec34af"
url = "https://github.com/neovim/neovim/releases/download/v0.12.0/nvim-linux-x86_64.tar.gz"
url_api = "https://api.github.com/repos/neovim/neovim/releases/assets/384125167"

[tools."github:neovim/neovim"."platforms.macos-arm64"]
checksum = "sha256:cf0137d6961785c34926f879b7a5b5fa0371ab0d6e2959e390e2f00b46165ce9"
url = "https://github.com/neovim/neovim/releases/download/v0.12.0/nvim-macos-arm64.tar.gz"
url_api = "https://api.github.com/repos/neovim/neovim/releases/assets/384125165"

[tools."github:neovim/neovim"."platforms.macos-x64"]
checksum = "sha256:309b3252a04bf8e4043389d3ea9bbb94e17becea2cde74f11f948b4775bbe3d4"
url = "https://github.com/neovim/neovim/releases/download/v0.12.0/nvim-macos-x86_64.tar.gz"
url_api = "https://api.github.com/repos/neovim/neovim/releases/assets/384125166"

[tools."github:neovim/neovim"."platforms.windows-x64"]
checksum = "sha256:7e6d4ac6b22a46e89b0da3ac560635ee39c00081f14093a8851154fb260b7428"
url = "https://github.com/neovim/neovim/releases/download/v0.12.0/nvim-win64.zip"
url_api = "https://api.github.com/repos/neovim/neovim/releases/assets/384125181"

[[tools."github:nushell/nushell"]]
version = "0.113.1"
backend = "github:nushell/nushell"

[tools."github:nushell/nushell"."platforms.linux-arm64"]
checksum = "sha256:08b94c6fd9c66881616df4c89adc03e8a42a57fdf6876cfd1b16cec7e82348b4"
url = "https://github.com/nushell/nushell/releases/download/0.113.1/nu-0.113.1-aarch64-unknown-linux-gnu.tar.gz"
url_api = "https://api.github.com/repos/nushell/nushell/releases/assets/433381741"

[tools."github:nushell/nushell"."platforms.linux-arm64-musl"]
checksum = "sha256:7b973e826760d337e73ac6fb9c53bac15dbe66dba50ec439f02e8eaa1d1c2c77"
url = "https://github.com/nushell/nushell/releases/download/0.113.1/nu-0.113.1-aarch64-unknown-linux-musl.tar.gz"
url_api = "https://api.github.com/repos/nushell/nushell/releases/assets/433382016"

[tools."github:nushell/nushell"."platforms.linux-x64"]
checksum = "sha256:9008d309aaa35e29ed5d5985306a83e2bf5093e31677d4cd969914552d12b8fb"
url = "https://github.com/nushell/nushell/releases/download/0.113.1/nu-0.113.1-x86_64-unknown-linux-gnu.tar.gz"
url_api = "https://api.github.com/repos/nushell/nushell/releases/assets/433380313"

[tools."github:nushell/nushell"."platforms.linux-x64-musl"]
checksum = "sha256:7faea21f8a49edf760c7bb9267f7702827937b19fc7dce412716b1cacbf38ae7"
url = "https://github.com/nushell/nushell/releases/download/0.113.1/nu-0.113.1-x86_64-unknown-linux-musl.tar.gz"
url_api = "https://api.github.com/repos/nushell/nushell/releases/assets/433380727"

[tools."github:nushell/nushell"."platforms.macos-arm64"]
checksum = "sha256:458aa21674221b2e8adbd784f9ba8113288b78f3c352465cef37b114ff3dffd5"
url = "https://github.com/nushell/nushell/releases/download/0.113.1/nu-0.113.1-aarch64-apple-darwin.tar.gz"
url_api = "https://api.github.com/repos/nushell/nushell/releases/assets/433380531"

[tools."github:nushell/nushell"."platforms.macos-x64"]
checksum = "sha256:18ec6448cd8562b4f94ba24bace6164c5d8b8d634c8105751ec45e17d34549b2"
url = "https://github.com/nushell/nushell/releases/download/0.113.1/nu-0.113.1-x86_64-apple-darwin.tar.gz"
url_api = "https://api.github.com/repos/nushell/nushell/releases/assets/433383402"

[tools."github:nushell/nushell"."platforms.windows-x64"]
checksum = "sha256:fd3e56dac9f866d2d3fe2fabd6580c14371afdcec9ddda54624a50986d36b3d2"
url = "https://github.com/nushell/nushell/releases/download/0.113.1/nu-0.113.1-x86_64-pc-windows-msvc.zip"
url_api = "https://api.github.com/repos/nushell/nushell/releases/assets/433389998"

[[tools."github:peteonrails/voxtype"]]
version = "0.7.5"
backend = "github:peteonrails/voxtype"

[tools."github:peteonrails/voxtype".options]
asset_pattern = "voxtype-*-linux-x86_64-vulkan"

[tools."github:peteonrails/voxtype"."platforms.linux-arm64"]
checksum = "sha256:64626d07f3aae2825ddb82ea66878f708c8a820a3fd3ece76d99ff98477f132d"
url = "https://github.com/peteonrails/voxtype/releases/download/v0.7.5/voxtype-0.7.5-linux-x86_64-vulkan"
url_api = "https://api.github.com/repos/peteonrails/voxtype/releases/assets/432470312"

[tools."github:peteonrails/voxtype"."platforms.linux-arm64-musl"]
checksum = "sha256:64626d07f3aae2825ddb82ea66878f708c8a820a3fd3ece76d99ff98477f132d"
url = "https://github.com/peteonrails/voxtype/releases/download/v0.7.5/voxtype-0.7.5-linux-x86_64-vulkan"
url_api = "https://api.github.com/repos/peteonrails/voxtype/releases/assets/432470312"

[tools."github:peteonrails/voxtype"."platforms.linux-x64"]
checksum = "sha256:64626d07f3aae2825ddb82ea66878f708c8a820a3fd3ece76d99ff98477f132d"
url = "https://github.com/peteonrails/voxtype/releases/download/v0.7.5/voxtype-0.7.5-linux-x86_64-vulkan"
url_api = "https://api.github.com/repos/peteonrails/voxtype/releases/assets/432470312"

[tools."github:peteonrails/voxtype"."platforms.linux-x64-musl"]
checksum = "sha256:64626d07f3aae2825ddb82ea66878f708c8a820a3fd3ece76d99ff98477f132d"
url = "https://github.com/peteonrails/voxtype/releases/download/v0.7.5/voxtype-0.7.5-linux-x86_64-vulkan"
url_api = "https://api.github.com/repos/peteonrails/voxtype/releases/assets/432470312"

[tools."github:peteonrails/voxtype"."platforms.macos-arm64"]
checksum = "sha256:64626d07f3aae2825ddb82ea66878f708c8a820a3fd3ece76d99ff98477f132d"
url = "https://github.com/peteonrails/voxtype/releases/download/v0.7.5/voxtype-0.7.5-linux-x86_64-vulkan"
url_api = "https://api.github.com/repos/peteonrails/voxtype/releases/assets/432470312"

[tools."github:peteonrails/voxtype"."platforms.macos-x64"]
checksum = "sha256:64626d07f3aae2825ddb82ea66878f708c8a820a3fd3ece76d99ff98477f132d"
url = "https://github.com/peteonrails/voxtype/releases/download/v0.7.5/voxtype-0.7.5-linux-x86_64-vulkan"
url_api = "https://api.github.com/repos/peteonrails/voxtype/releases/assets/432470312"

[tools."github:peteonrails/voxtype"."platforms.windows-x64"]
checksum = "sha256:64626d07f3aae2825ddb82ea66878f708c8a820a3fd3ece76d99ff98477f132d"
url = "https://github.com/peteonrails/voxtype/releases/download/v0.7.5/voxtype-0.7.5-linux-x86_64-vulkan"
url_api = "https://api.github.com/repos/peteonrails/voxtype/releases/assets/432470312"

[[tools."github:twpayne/chezmoi"]]
version = "2.70.0"
backend = "github:twpayne/chezmoi"

[tools."github:twpayne/chezmoi"."platforms.linux-arm64"]
checksum = "sha256:c65fb55bee4fb2bc14362998e2ce0cf1b1688bce0abfd7dd48cbac6448d6fc75"
url = "https://github.com/twpayne/chezmoi/releases/download/v2.70.0/chezmoi_2.70.0_linux_arm64.tar.gz"
url_api = "https://api.github.com/repos/twpayne/chezmoi/releases/assets/370444408"
provenance = "github-attestations"

[tools."github:twpayne/chezmoi"."platforms.linux-arm64-musl"]
checksum = "sha256:c65fb55bee4fb2bc14362998e2ce0cf1b1688bce0abfd7dd48cbac6448d6fc75"
url = "https://github.com/twpayne/chezmoi/releases/download/v2.70.0/chezmoi_2.70.0_linux_arm64.tar.gz"
url_api = "https://api.github.com/repos/twpayne/chezmoi/releases/assets/370444408"
provenance = "github-attestations"

[tools."github:twpayne/chezmoi"."platforms.linux-x64"]
checksum = "sha256:32dbc87a4db7163d0f8c3156b631e3ee1cc6fed400f43ff467eca4211f2905e7"
url = "https://github.com/twpayne/chezmoi/releases/download/v2.70.0/chezmoi_2.70.0_linux-glibc_amd64.tar.gz"
url_api = "https://api.github.com/repos/twpayne/chezmoi/releases/assets/370444442"
provenance = "github-attestations"

[tools."github:twpayne/chezmoi"."platforms.linux-x64-musl"]
checksum = "sha256:bf16a9f373dacca92c8ceb691d63c2ad5eaec1b54c4a62a15adf2f1ef15a6060"
url = "https://github.com/twpayne/chezmoi/releases/download/v2.70.0/chezmoi_2.70.0_linux-musl_amd64.tar.gz"
url_api = "https://api.github.com/repos/twpayne/chezmoi/releases/assets/370444443"
provenance = "github-attestations"

[tools."github:twpayne/chezmoi"."platforms.macos-arm64"]
checksum = "sha256:87142ac0465e9b1cd04a71c06c5164867fded7778c3c098f8efbea3ee9df1ade"
url = "https://github.com/twpayne/chezmoi/releases/download/v2.70.0/chezmoi_2.70.0_darwin_arm64.tar.gz"
url_api = "https://api.github.com/repos/twpayne/chezmoi/releases/assets/370444375"
provenance = "github-attestations"

[tools."github:twpayne/chezmoi"."platforms.macos-x64"]
checksum = "sha256:8d8abb5da0805ce6fa4d387cf3d9615281ad5b26007bf4d469af603ab3c237af"
url = "https://github.com/twpayne/chezmoi/releases/download/v2.70.0/chezmoi_2.70.0_darwin_amd64.tar.gz"
url_api = "https://api.github.com/repos/twpayne/chezmoi/releases/assets/370444389"
provenance = "github-attestations"

[tools."github:twpayne/chezmoi"."platforms.windows-x64"]
checksum = "sha256:bd75e4892ed22d5ab767c06242fc72c23c5848ad5b1aea27fd95aec03c10c777"
url = "https://github.com/twpayne/chezmoi/releases/download/v2.70.0/chezmoi_2.70.0_windows_amd64.zip"
url_api = "https://api.github.com/repos/twpayne/chezmoi/releases/assets/370444385"
provenance = "github-attestations"

[[tools.herdr]]
version = "0.7.3"
backend = "aqua:ogulcancelik/herdr"

[tools.herdr."platforms.linux-arm64"]
checksum = "sha256:ea490094f2c7c39099870857d00c64c628ef7b5eba1967df4258033455ee2cb1"
url = "https://github.com/ogulcancelik/herdr/releases/download/v0.7.3/herdr-linux-aarch64"
url_api = "https://api.github.com/repos/ogulcancelik/herdr/releases/assets/469642055"

[tools.herdr."platforms.linux-arm64-musl"]
checksum = "sha256:ea490094f2c7c39099870857d00c64c628ef7b5eba1967df4258033455ee2cb1"
url = "https://github.com/ogulcancelik/herdr/releases/download/v0.7.3/herdr-linux-aarch64"
url_api = "https://api.github.com/repos/ogulcancelik/herdr/releases/assets/469642055"

[tools.herdr."platforms.linux-x64"]
checksum = "sha256:043ef43ecbabda28465dcff1eec3184518150d567b8b8f20cda9c6c88770641d"
url = "https://github.com/ogulcancelik/herdr/releases/download/v0.7.3/herdr-linux-x86_64"
url_api = "https://api.github.com/repos/ogulcancelik/herdr/releases/assets/469642054"

[tools.herdr."platforms.linux-x64-musl"]
checksum = "sha256:043ef43ecbabda28465dcff1eec3184518150d567b8b8f20cda9c6c88770641d"
url = "https://github.com/ogulcancelik/herdr/releases/download/v0.7.3/herdr-linux-x86_64"
url_api = "https://api.github.com/repos/ogulcancelik/herdr/releases/assets/469642054"

[tools.herdr."platforms.macos-arm64"]
checksum = "sha256:b31345392d004ec1f1b2c821e1ad601019fa8385fe1e4c6931321eb58a920773"
url = "https://github.com/ogulcancelik/herdr/releases/download/v0.7.3/herdr-macos-aarch64"
url_api = "https://api.github.com/repos/ogulcancelik/herdr/releases/assets/469642056"

[tools.herdr."platforms.macos-x64"]
checksum = "sha256:9b5f35d283b0877eeda0cf66ba1ef1d95ae40f32e858a04da0041f3a20df027c"
url = "https://github.com/ogulcancelik/herdr/releases/download/v0.7.3/herdr-macos-x86_64"
url_api = "https://api.github.com/repos/ogulcancelik/herdr/releases/assets/469642057"

[[tools.jj]]
version = "0.43.0"
backend = "aqua:jj-vcs/jj"

[tools.jj."platforms.linux-arm64"]
checksum = "sha256:289197b6bec60b4e57d47260624b617716f737eb02cdfd9155791b2576aa5862"
url = "https://github.com/jj-vcs/jj/releases/download/v0.43.0/jj-v0.43.0-aarch64-unknown-linux-musl.tar.gz"
url_api = "https://api.github.com/repos/jj-vcs/jj/releases/assets/463825313"

[tools.jj."platforms.linux-arm64-musl"]
checksum = "sha256:289197b6bec60b4e57d47260624b617716f737eb02cdfd9155791b2576aa5862"
url = "https://github.com/jj-vcs/jj/releases/download/v0.43.0/jj-v0.43.0-aarch64-unknown-linux-musl.tar.gz"
url_api = "https://api.github.com/repos/jj-vcs/jj/releases/assets/463825313"

[tools.jj."platforms.linux-x64"]
checksum = "sha256:59e5588583ac82b623239929368c65b90735931c0f26b5a16c1f04d5bb97643d"
url = "https://github.com/jj-vcs/jj/releases/download/v0.43.0/jj-v0.43.0-x86_64-unknown-linux-musl.tar.gz"
url_api = "https://api.github.com/repos/jj-vcs/jj/releases/assets/463825498"

[tools.jj."platforms.linux-x64-musl"]
checksum = "sha256:59e5588583ac82b623239929368c65b90735931c0f26b5a16c1f04d5bb97643d"
url = "https://github.com/jj-vcs/jj/releases/download/v0.43.0/jj-v0.43.0-x86_64-unknown-linux-musl.tar.gz"
url_api = "https://api.github.com/repos/jj-vcs/jj/releases/assets/463825498"

[tools.jj."platforms.macos-arm64"]
checksum = "sha256:84336bbe5673a36ccc6395c494021ba632794da078eb8c8c513a60f8e1cc3083"
url = "https://github.com/jj-vcs/jj/releases/download/v0.43.0/jj-v0.43.0-aarch64-apple-darwin.tar.gz"
url_api = "https://api.github.com/repos/jj-vcs/jj/releases/assets/463826329"

[tools.jj."platforms.macos-x64"]
checksum = "sha256:f1a7fec046b816132318c07a9c096680f7aae78b008709c7166a57efd9c579ec"
url = "https://github.com/jj-vcs/jj/releases/download/v0.43.0/jj-v0.43.0-x86_64-apple-darwin.tar.gz"
url_api = "https://api.github.com/repos/jj-vcs/jj/releases/assets/463825063"

[tools.jj."platforms.windows-x64"]
checksum = "sha256:582f63e55310eaa397782fcb528c3feff5b943a4e2db70666d105972a381f80e"
url = "https://github.com/jj-vcs/jj/releases/download/v0.43.0/jj-v0.43.0-x86_64-pc-windows-msvc.zip"
url_api = "https://api.github.com/repos/jj-vcs/jj/releases/assets/463827027"

[[tools.lsd]]
version = "1.2.0"
backend = "aqua:lsd-rs/lsd"

[tools.lsd."platforms.linux-arm64"]
checksum = "sha256:642ecb1a763b9f790a99c83a1445c117a6813ed4edb5d498d4420423c6353eb8"
url = "https://github.com/lsd-rs/lsd/releases/download/v1.2.0/lsd-v1.2.0-aarch64-unknown-linux-musl.tar.gz"
url_api = "https://api.github.com/repos/lsd-rs/lsd/releases/assets/303319949"

[tools.lsd."platforms.linux-arm64-musl"]
checksum = "sha256:642ecb1a763b9f790a99c83a1445c117a6813ed4edb5d498d4420423c6353eb8"
url = "https://github.com/lsd-rs/lsd/releases/download/v1.2.0/lsd-v1.2.0-aarch64-unknown-linux-musl.tar.gz"
url_api = "https://api.github.com/repos/lsd-rs/lsd/releases/assets/303319949"

[tools.lsd."platforms.linux-x64"]
checksum = "sha256:77849da1210336534258551a581401ba19ae6b8d7b66a2a1feff148ad41e3814"
url = "https://github.com/lsd-rs/lsd/releases/download/v1.2.0/lsd-v1.2.0-x86_64-unknown-linux-musl.tar.gz"
url_api = "https://api.github.com/repos/lsd-rs/lsd/releases/assets/303319745"

[tools.lsd."platforms.linux-x64-musl"]
checksum = "sha256:77849da1210336534258551a581401ba19ae6b8d7b66a2a1feff148ad41e3814"
url = "https://github.com/lsd-rs/lsd/releases/download/v1.2.0/lsd-v1.2.0-x86_64-unknown-linux-musl.tar.gz"
url_api = "https://api.github.com/repos/lsd-rs/lsd/releases/assets/303319745"

[tools.lsd."platforms.macos-arm64"]
checksum = "sha256:9e34a5d392ff913302098aad0543dafa1883c531eaf229b82f086c3fca675e3e"
url = "https://github.com/lsd-rs/lsd/releases/download/v1.2.0/lsd-v1.2.0-aarch64-apple-darwin.tar.gz"
url_api = "https://api.github.com/repos/lsd-rs/lsd/releases/assets/303319340"

[tools.lsd."platforms.macos-x64"]
checksum = "sha256:00d3c50551b270bbdf7da97816e5ba7f5fd10294cd310165f7f8b5523e738b9c"
url = "https://github.com/lsd-rs/lsd/releases/download/v1.2.0/lsd-v1.2.0-x86_64-apple-darwin.tar.gz"
url_api = "https://api.github.com/repos/lsd-rs/lsd/releases/assets/303319774"

[tools.lsd."platforms.windows-x64"]
checksum = "sha256:a65b9f457153934a7ce1f7e0fe1c4922a95bb2822222126e4fbaa6ee9c0d78e5"
url = "https://github.com/lsd-rs/lsd/releases/download/v1.2.0/lsd-v1.2.0-x86_64-pc-windows-msvc.zip"
url_api = "https://api.github.com/repos/lsd-rs/lsd/releases/assets/303320206"

[[tools.node]]
version = "24.18.0"
backend = "core:node"

[tools.node."platforms.linux-arm64"]
checksum = "sha256:6b4484c2190274175df9aa8f28e2d758a819cb1c1fe6ab481e2f95b463ab8508"
url = "https://nodejs.org/dist/v24.18.0/node-v24.18.0-linux-arm64.tar.gz"

[tools.node."platforms.linux-arm64-musl"]
checksum = "sha256:b1c6c2dc31b46dd8fb2322f4fe75b07e775c5120bc37251deeea28f529d4567b"
url = "https://unofficial-builds.nodejs.org/download/release/v24.18.0/node-v24.18.0-linux-arm64-musl.tar.gz"

[tools.node."platforms.linux-x64"]
checksum = "sha256:783130984963db7ba9cbd01089eaf2c2efb055c7c1693c943174b967b3050cb8"
url = "https://nodejs.org/dist/v24.18.0/node-v24.18.0-linux-x64.tar.gz"

[tools.node."platforms.linux-x64-musl"]
checksum = "sha256:ea58409911e141ec6b19d9178efa2d9185a13295005b1cbf5521b3157eed1d95"
url = "https://unofficial-builds.nodejs.org/download/release/v24.18.0/node-v24.18.0-linux-x64-musl.tar.gz"

[tools.node."platforms.macos-arm64"]
checksum = "sha256:e1a97e14c99c803e96c7339403282ea05a499c32f8d83defe9ef5ec66f979ed1"
url = "https://nodejs.org/dist/v24.18.0/node-v24.18.0-darwin-arm64.tar.gz"

[tools.node."platforms.macos-x64"]
checksum = "sha256:dfd0dbd3e721503434df7b7205e719f61b3a3a31b2bcf9729b8b91fea240f080"
url = "https://nodejs.org/dist/v24.18.0/node-v24.18.0-darwin-x64.tar.gz"

[tools.node."platforms.windows-x64"]
checksum = "sha256:0ae68406b42d7725661da979b1403ec9926da205c6770827f33aac9d8f26e821"
url = "https://nodejs.org/dist/v24.18.0/node-v24.18.0-win-x64.zip"

[[tools.ripgrep]]
version = "15.2.0"
backend = "aqua:BurntSushi/ripgrep"

[tools.ripgrep."platforms.linux-arm64"]
checksum = "sha256:a740b91c82eaf9914cfedd353572f2791cbe0162c84101ee0951058f4dcbc90d"
url = "https://github.com/BurntSushi/ripgrep/releases/download/15.2.0/ripgrep-15.2.0-aarch64-unknown-linux-gnu.tar.gz"
url_api = "https://api.github.com/repos/BurntSushi/ripgrep/releases/assets/478119579"

[tools.ripgrep."platforms.linux-arm64-musl"]
checksum = "sha256:800b1e7206afe799dfb5a6901f23147cfaabe0e52210538100f61e86e1740915"
url = "https://github.com/BurntSushi/ripgrep/releases/download/15.2.0/ripgrep-15.2.0-aarch64-unknown-linux-musl.tar.gz"
url_api = "https://api.github.com/repos/BurntSushi/ripgrep/releases/assets/478120060"

[tools.ripgrep."platforms.linux-x64"]
checksum = "sha256:33e15bcf1624b25cdd2a55813a47a2f95dbe126268203e76aa6a585d1e7b149c"
url = "https://github.com/BurntSushi/ripgrep/releases/download/15.2.0/ripgrep-15.2.0-x86_64-unknown-linux-musl.tar.gz"
url_api = "https://api.github.com/repos/BurntSushi/ripgrep/releases/assets/478120097"

[tools.ripgrep."platforms.linux-x64-musl"]
checksum = "sha256:33e15bcf1624b25cdd2a55813a47a2f95dbe126268203e76aa6a585d1e7b149c"
url = "https://github.com/BurntSushi/ripgrep/releases/download/15.2.0/ripgrep-15.2.0-x86_64-unknown-linux-musl.tar.gz"
url_api = "https://api.github.com/repos/BurntSushi/ripgrep/releases/assets/478120097"

[tools.ripgrep."platforms.macos-arm64"]
checksum = "sha256:3750b2e93f37e0c692657da574d7019a101c0084da05a790c83fd335bad973e4"
url = "https://github.com/BurntSushi/ripgrep/releases/download/15.2.0/ripgrep-15.2.0-aarch64-apple-darwin.tar.gz"
url_api = "https://api.github.com/repos/BurntSushi/ripgrep/releases/assets/478118851"

[tools.ripgrep."platforms.macos-x64"]
checksum = "sha256:af7825fcc69a2afc7a7aea55fc9af90e26421d8f20fe59df32e233c0b8a231c1"
url = "https://github.com/BurntSushi/ripgrep/releases/download/15.2.0/ripgrep-15.2.0-x86_64-apple-darwin.tar.gz"
url_api = "https://api.github.com/repos/BurntSushi/ripgrep/releases/assets/478119585"

[tools.ripgrep."platforms.windows-x64"]
checksum = "sha256:71b2fef860abe467217a538ff31de02f5258807c0129f771846f87bd029aafc5"
url = "https://github.com/BurntSushi/ripgrep/releases/download/15.2.0/ripgrep-15.2.0-x86_64-pc-windows-msvc.zip"
url_api = "https://api.github.com/repos/BurntSushi/ripgrep/releases/assets/478119643"

[[tools.starship]]
version = "1.26.0"
backend = "aqua:starship/starship"

[tools.starship."platforms.linux-arm64"]
checksum = "sha256:dc30189378d2f2e287384e8a692d3f95ad1df64cf0e8c36aa9201516028aed6b"
url = "https://github.com/starship/starship/releases/download/v1.26.0/starship-aarch64-unknown-linux-musl.tar.gz"
url_api = "https://api.github.com/repos/starship/starship/releases/assets/460374586"

[tools.starship."platforms.linux-arm64-musl"]
checksum = "sha256:dc30189378d2f2e287384e8a692d3f95ad1df64cf0e8c36aa9201516028aed6b"
url = "https://github.com/starship/starship/releases/download/v1.26.0/starship-aarch64-unknown-linux-musl.tar.gz"
url_api = "https://api.github.com/repos/starship/starship/releases/assets/460374586"

[tools.starship."platforms.linux-x64"]
checksum = "sha256:b7c232b0e8249d8e55a40beb79c5c43a7d370f3f9408bd215deb0170daeaadf3"
url = "https://github.com/starship/starship/releases/download/v1.26.0/starship-x86_64-unknown-linux-musl.tar.gz"
url_api = "https://api.github.com/repos/starship/starship/releases/assets/460374630"

[tools.starship."platforms.linux-x64-musl"]
checksum = "sha256:b7c232b0e8249d8e55a40beb79c5c43a7d370f3f9408bd215deb0170daeaadf3"
url = "https://github.com/starship/starship/releases/download/v1.26.0/starship-x86_64-unknown-linux-musl.tar.gz"
url_api = "https://api.github.com/repos/starship/starship/releases/assets/460374630"

[tools.starship."platforms.macos-arm64"]
checksum = "sha256:c40b27b11f580411e068f2fa6c1be7830a387c0bc47a94d1d37f32b054c5361d"
url = "https://github.com/starship/starship/releases/download/v1.26.0/starship-aarch64-apple-darwin.tar.gz"
url_api = "https://api.github.com/repos/starship/starship/releases/assets/460374577"

[tools.starship."platforms.macos-x64"]
checksum = "sha256:5548f406a4b6f5695903bdea83f77ce47ec12c8c0e62dabd33122d8f133e4207"
url = "https://github.com/starship/starship/releases/download/v1.26.0/starship-x86_64-apple-darwin.tar.gz"
url_api = "https://api.github.com/repos/starship/starship/releases/assets/460374608"

[tools.starship."platforms.windows-x64"]
checksum = "sha256:690021e22f2bf2c57d5867dc0fababe5e55e714c26942bd909ffddb6c5df42f2"
url = "https://github.com/starship/starship/releases/download/v1.26.0/starship-x86_64-pc-windows-msvc.zip"
url_api = "https://api.github.com/repos/starship/starship/releases/assets/460374615"

[[tools.zellij]]
version = "0.44.3"
backend = "aqua:zellij-org/zellij"

[tools.zellij."platforms.linux-arm64"]
checksum = "sha256:15e6534d42644d66973d136c590c49739dcfd6a1a2a0d3d917973f16c81b45fb"
url = "https://github.com/zellij-org/zellij/releases/download/v0.44.3/zellij-aarch64-unknown-linux-musl.tar.gz"
url_api = "https://api.github.com/repos/zellij-org/zellij/releases/assets/419104967"

[tools.zellij."platforms.linux-arm64-musl"]
checksum = "sha256:15e6534d42644d66973d136c590c49739dcfd6a1a2a0d3d917973f16c81b45fb"
url = "https://github.com/zellij-org/zellij/releases/download/v0.44.3/zellij-aarch64-unknown-linux-musl.tar.gz"
url_api = "https://api.github.com/repos/zellij-org/zellij/releases/assets/419104967"

[tools.zellij."platforms.linux-x64"]
checksum = "sha256:0f7c346788627f506c0a28296517768633cff24fc822a739f8264b640ecad751"
url = "https://github.com/zellij-org/zellij/releases/download/v0.44.3/zellij-x86_64-unknown-linux-musl.tar.gz"
url_api = "https://api.github.com/repos/zellij-org/zellij/releases/assets/419104852"

[tools.zellij."platforms.linux-x64-musl"]
checksum = "sha256:0f7c346788627f506c0a28296517768633cff24fc822a739f8264b640ecad751"
url = "https://github.com/zellij-org/zellij/releases/download/v0.44.3/zellij-x86_64-unknown-linux-musl.tar.gz"
url_api = "https://api.github.com/repos/zellij-org/zellij/releases/assets/419104852"

[tools.zellij."platforms.macos-arm64"]
checksum = "sha256:b6acf83a7739cf5f0f4e9bd47709642d4d98acbbf8c34d4a12c6e706f531da61"
url = "https://github.com/zellij-org/zellij/releases/download/v0.44.3/zellij-aarch64-apple-darwin.tar.gz"
url_api = "https://api.github.com/repos/zellij-org/zellij/releases/assets/419107237"

[tools.zellij."platforms.macos-x64"]
checksum = "sha256:59f803faa32cd4e5f316f0dc2d3b7a5530a72553e38ad939286471848a418eeb"
url = "https://github.com/zellij-org/zellij/releases/download/v0.44.3/zellij-x86_64-apple-darwin.tar.gz"
url_api = "https://api.github.com/repos/zellij-org/zellij/releases/assets/419104498"

[tools.zellij."platforms.windows-x64"]
checksum = "sha256:45f25febb588d36f499232b3ba80a9edcde3b3a2a85bebb105a82457b0ca6aef"
url = "https://github.com/zellij-org/zellij/releases/download/v0.44.3/zellij-x86_64-pc-windows-msvc.zip"
url_api = "https://api.github.com/repos/zellij-org/zellij/releases/assets/419114890"
